// !$*UTF8*$!
{
	archiveVersion = 1;
	classes = {
	};
	objectVersion = 56;
	objects = {

/* Begin PBXBuildFile section */
		EC11751B2A65A19000452D2A /* String+orEmpty.swift in Sources */ = {isa = PBXBuildFile; fileRef = EC11751A2A65A19000452D2A /* String+orEmpty.swift */; };
		EC11751E2A65A1F800452D2A /* Double+orZero.swift in Sources */ = {isa = PBXBuildFile; fileRef = EC11751D2A65A1F800452D2A /* Double+orZero.swift */; };
		EC1175212A65A21D00452D2A /* Int+orZero.swift in Sources */ = {isa = PBXBuildFile; fileRef = EC1175202A65A21D00452D2A /* Int+orZero.swift */; };
		EC1175242A65A23400452D2A /* Bool+orFalse.swift in Sources */ = {isa = PBXBuildFile; fileRef = EC1175232A65A23400452D2A /* Bool+orFalse.swift */; };
		EC1175282A65A28700452D2A /* Localizable.strings in Resources */ = {isa = PBXBuildFile; fileRef = EC11752A2A65A28700452D2A /* Localizable.strings */; };
		EC11752D2A65A2B400452D2A /* LocalizableString.swift in Sources */ = {isa = PBXBuildFile; fileRef = EC11752C2A65A2B400452D2A /* LocalizableString.swift */; };
		EC84845A2A650389006AEAF8 /* ProductCatalogueApp.swift in Sources */ = {isa = PBXBuildFile; fileRef = EC8484592A650389006AEAF8 /* ProductCatalogueApp.swift */; };
		EC84845C2A650389006AEAF8 /* Persistence.swift in Sources */ = {isa = PBXBuildFile; fileRef = EC84845B2A650389006AEAF8 /* Persistence.swift */; };
		EC84845F2A650389006AEAF8 /* ProductCatalogue.xcdatamodeld in Sources */ = {isa = PBXBuildFile; fileRef = EC84845D2A650389006AEAF8 /* ProductCatalogue.xcdatamodeld */; };
		EC8484612A650389006AEAF8 /* TabContainerView.swift in Sources */ = {isa = PBXBuildFile; fileRef = EC8484602A650389006AEAF8 /* TabContainerView.swift */; };
		EC8484632A65038B006AEAF8 /* Assets.xcassets in Resources */ = {isa = PBXBuildFile; fileRef = EC8484622A65038B006AEAF8 /* Assets.xcassets */; };
		EC8484672A65038B006AEAF8 /* Preview Assets.xcassets in Resources */ = {isa = PBXBuildFile; fileRef = EC8484662A65038B006AEAF8 /* Preview Assets.xcassets */; };
		EC8484712A65038B006AEAF8 /* ProductCatalogueTests.swift in Sources */ = {isa = PBXBuildFile; fileRef = EC8484702A65038B006AEAF8 /* ProductCatalogueTests.swift */; };
/* End PBXBuildFile section */

/* Begin PBXContainerItemProxy section */
		EC84846D2A65038B006AEAF8 /* PBXContainerItemProxy */ = {
			isa = PBXContainerItemProxy;
			containerPortal = EC84844E2A650389006AEAF8 /* Project object */;
			proxyType = 1;
			remoteGlobalIDString = EC8484552A650389006AEAF8;
			remoteInfo = ProductCatalogue;
		};
/* End PBXContainerItemProxy section */

/* Begin PBXFileReference section */
		EC11751A2A65A19000452D2A /* String+orEmpty.swift */ = {isa = PBXFileReference; lastKnownFileType = sourcecode.swift; path = "String+orEmpty.swift"; sourceTree = "<group>"; };
		EC11751D2A65A1F800452D2A /* Double+orZero.swift */ = {isa = PBXFileReference; lastKnownFileType = sourcecode.swift; path = "Double+orZero.swift"; sourceTree = "<group>"; };
		EC1175202A65A21D00452D2A /* Int+orZero.swift */ = {isa = PBXFileReference; lastKnownFileType = sourcecode.swift; path = "Int+orZero.swift"; sourceTree = "<group>"; };
		EC1175232A65A23400452D2A /* Bool+orFalse.swift */ = {isa = PBXFileReference; lastKnownFileType = sourcecode.swift; path = "Bool+orFalse.swift"; sourceTree = "<group>"; };
		EC1175292A65A28700452D2A /* en */ = {isa = PBXFileReference; lastKnownFileType = text.plist.strings; name = en; path = en.lproj/Localizable.strings; sourceTree = "<group>"; };
		EC11752B2A65A29D00452D2A /* id */ = {isa = PBXFileReference; lastKnownFileType = text.plist.strings; name = id; path = id.lproj/Localizable.strings; sourceTree = "<group>"; };
		EC11752C2A65A2B400452D2A /* LocalizableString.swift */ = {isa = PBXFileReference; lastKnownFileType = sourcecode.swift; path = LocalizableString.swift; sourceTree = "<group>"; };
		EC8484562A650389006AEAF8 /* ProductCatalogue.app */ = {isa = PBXFileReference; explicitFileType = wrapper.application; includeInIndex = 0; path = ProductCatalogue.app; sourceTree = BUILT_PRODUCTS_DIR; };
		EC8484592A650389006AEAF8 /* ProductCatalogueApp.swift */ = {isa = PBXFileReference; lastKnownFileType = sourcecode.swift; path = ProductCatalogueApp.swift; sourceTree = "<group>"; };
		EC84845B2A650389006AEAF8 /* Persistence.swift */ = {isa = PBXFileReference; lastKnownFileType = sourcecode.swift; path = Persistence.swift; sourceTree = "<group>"; };
		EC84845E2A650389006AEAF8 /* ProductCatalogue.xcdatamodel */ = {isa = PBXFileReference; lastKnownFileType = wrapper.xcdatamodel; path = ProductCatalogue.xcdatamodel; sourceTree = "<group>"; };
		EC8484602A650389006AEAF8 /* TabContainerView.swift */ = {isa = PBXFileReference; lastKnownFileType = sourcecode.swift; path = TabContainerView.swift; sourceTree = "<group>"; };
		EC8484622A65038B006AEAF8 /* Assets.xcassets */ = {isa = PBXFileReference; lastKnownFileType = folder.assetcatalog; path = Assets.xcassets; sourceTree = "<group>"; };
		EC8484642A65038B006AEAF8 /* ProductCatalogue.entitlements */ = {isa = PBXFileReference; lastKnownFileType = text.plist.entitlements; path = ProductCatalogue.entitlements; sourceTree = "<group>"; };
		EC8484662A65038B006AEAF8 /* Preview Assets.xcassets */ = {isa = PBXFileReference; lastKnownFileType = folder.assetcatalog; path = "Preview Assets.xcassets"; sourceTree = "<group>"; };
		EC84846C2A65038B006AEAF8 /* ProductCatalogueTests.xctest */ = {isa = PBXFileReference; explicitFileType = wrapper.cfbundle; includeInIndex = 0; path = ProductCatalogueTests.xctest; sourceTree = BUILT_PRODUCTS_DIR; };
		EC8484702A65038B006AEAF8 /* ProductCatalogueTests.swift */ = {isa = PBXFileReference; lastKnownFileType = sourcecode.swift; path = ProductCatalogueTests.swift; sourceTree = "<group>"; };
/* End PBXFileReference section */

/* Begin PBXFrameworksBuildPhase section */
		EC8484532A650389006AEAF8 /* Frameworks */ = {
			isa = PBXFrameworksBuildPhase;
			buildActionMask = 2147483647;
			files = (
			);
			runOnlyForDeploymentPostprocessing = 0;
		};
		EC8484692A65038B006AEAF8 /* Frameworks */ = {
			isa = PBXFrameworksBuildPhase;
			buildActionMask = 2147483647;
			files = (
			);
			runOnlyForDeploymentPostprocessing = 0;
		};
/* End PBXFrameworksBuildPhase section */

/* Begin PBXGroup section */
		EC1175172A65A16800452D2A /* Extension */ = {
			isa = PBXGroup;
			children = (
				EC1175222A65A22A00452D2A /* Bool */,
				EC11751F2A65A20700452D2A /* Int */,
				EC11751C2A65A1E700452D2A /* Double */,
				EC1175192A65A17B00452D2A /* String */,
			);
			path = Extension;
			sourceTree = "<group>";
		};
		EC1175182A65A17000452D2A /* Localization */ = {
			isa = PBXGroup;
			children = (
				EC1175252A65A27700452D2A /* String */,
				EC11752C2A65A2B400452D2A /* LocalizableString.swift */,
			);
			path = Localization;
			sourceTree = "<group>";
		};
		EC1175192A65A17B00452D2A /* String */ = {
			isa = PBXGroup;
			children = (
				EC11751A2A65A19000452D2A /* String+orEmpty.swift */,
			);
			path = String;
			sourceTree = "<group>";
		};
		EC11751C2A65A1E700452D2A /* Double */ = {
			isa = PBXGroup;
			children = (
				EC11751D2A65A1F800452D2A /* Double+orZero.swift */,
			);
			path = Double;
			sourceTree = "<group>";
		};
		EC11751F2A65A20700452D2A /* Int */ = {
			isa = PBXGroup;
			children = (
				EC1175202A65A21D00452D2A /* Int+orZero.swift */,
			);
			path = Int;
			sourceTree = "<group>";
		};
		EC1175222A65A22A00452D2A /* Bool */ = {
			isa = PBXGroup;
			children = (
				EC1175232A65A23400452D2A /* Bool+orFalse.swift */,
			);
			path = Bool;
			sourceTree = "<group>";
		};
		EC1175252A65A27700452D2A /* String */ = {
			isa = PBXGroup;
			children = (
				EC11752A2A65A28700452D2A /* Localizable.strings */,
			);
			path = String;
			sourceTree = "<group>";
		};
		EC11752E2A65A83300452D2A /* TabContainer */ = {
			isa = PBXGroup;
			children = (
				EC11752F2A65A8AD00452D2A /* View */,
			);
			path = TabContainer;
			sourceTree = "<group>";
		};
		EC11752F2A65A8AD00452D2A /* View */ = {
			isa = PBXGroup;
			children = (
				EC8484602A650389006AEAF8 /* TabContainerView.swift */,
			);
			path = View;
			sourceTree = "<group>";
		};
		EC84844D2A650389006AEAF8 = {
			isa = PBXGroup;
			children = (
				EC8484582A650389006AEAF8 /* ProductCatalogue */,
				EC84846F2A65038B006AEAF8 /* ProductCatalogueTests */,
				EC8484572A650389006AEAF8 /* Products */,
			);
			sourceTree = "<group>";
		};
		EC8484572A650389006AEAF8 /* Products */ = {
			isa = PBXGroup;
			children = (
				EC8484562A650389006AEAF8 /* ProductCatalogue.app */,
				EC84846C2A65038B006AEAF8 /* ProductCatalogueTests.xctest */,
			);
			name = Products;
			sourceTree = "<group>";
		};
		EC8484582A650389006AEAF8 /* ProductCatalogue */ = {
			isa = PBXGroup;
			children = (
				EC84848D2A6503FE006AEAF8 /* Common */,
				EC11752E2A65A83300452D2A /* TabContainer */,
				EC8484652A65038B006AEAF8 /* Preview Content */,
			);
			path = ProductCatalogue;
			sourceTree = "<group>";
		};
		EC8484652A65038B006AEAF8 /* Preview Content */ = {
			isa = PBXGroup;
			children = (
				EC8484662A65038B006AEAF8 /* Preview Assets.xcassets */,
			);
			path = "Preview Content";
			sourceTree = "<group>";
		};
		EC84846F2A65038B006AEAF8 /* ProductCatalogueTests */ = {
			isa = PBXGroup;
			children = (
				EC8484702A65038B006AEAF8 /* ProductCatalogueTests.swift */,
			);
			path = ProductCatalogueTests;
			sourceTree = "<group>";
		};
		EC8484892A6503D1006AEAF8 /* LocalStorage */ = {
			isa = PBXGroup;
			children = (
				EC84845B2A650389006AEAF8 /* Persistence.swift */,
				EC84845D2A650389006AEAF8 /* ProductCatalogue.xcdatamodeld */,
			);
			path = LocalStorage;
			sourceTree = "<group>";
		};
		EC84848A2A6503DC006AEAF8 /* Base */ = {
			isa = PBXGroup;
			children = (
				EC8484592A650389006AEAF8 /* ProductCatalogueApp.swift */,
			);
			path = Base;
			sourceTree = "<group>";
		};
		EC84848B2A6503E2006AEAF8 /* Assets */ = {
			isa = PBXGroup;
			children = (
				EC8484622A65038B006AEAF8 /* Assets.xcassets */,
			);
			path = Assets;
			sourceTree = "<group>";
		};
		EC84848C2A6503EE006AEAF8 /* Environment */ = {
			isa = PBXGroup;
			children = (
				EC8484642A65038B006AEAF8 /* ProductCatalogue.entitlements */,
			);
			path = Environment;
			sourceTree = "<group>";
		};
		EC84848D2A6503FE006AEAF8 /* Common */ = {
			isa = PBXGroup;
			children = (
				EC1175182A65A17000452D2A /* Localization */,
				EC1175172A65A16800452D2A /* Extension */,
				EC84848A2A6503DC006AEAF8 /* Base */,
				EC8484892A6503D1006AEAF8 /* LocalStorage */,
				EC84848B2A6503E2006AEAF8 /* Assets */,
				EC84848C2A6503EE006AEAF8 /* Environment */,
			);
			path = Common;
			sourceTree = "<group>";
		};
/* End PBXGroup section */

/* Begin PBXNativeTarget section */
		EC8484552A650389006AEAF8 /* ProductCatalogue */ = {
			isa = PBXNativeTarget;
			buildConfigurationList = EC8484802A65038B006AEAF8 /* Build configuration list for PBXNativeTarget "ProductCatalogue" */;
			buildPhases = (
				EC8484522A650389006AEAF8 /* Sources */,
				EC8484532A650389006AEAF8 /* Frameworks */,
				EC8484542A650389006AEAF8 /* Resources */,
			);
			buildRules = (
			);
			dependencies = (
			);
			name = ProductCatalogue;
			productName = ProductCatalogue;
			productReference = EC8484562A650389006AEAF8 /* ProductCatalogue.app */;
			productType = "com.apple.product-type.application";
		};
		EC84846B2A65038B006AEAF8 /* ProductCatalogueTests */ = {
			isa = PBXNativeTarget;
			buildConfigurationList = EC8484832A65038B006AEAF8 /* Build configuration list for PBXNativeTarget "ProductCatalogueTests" */;
			buildPhases = (
				EC8484682A65038B006AEAF8 /* Sources */,
				EC8484692A65038B006AEAF8 /* Frameworks */,
				EC84846A2A65038B006AEAF8 /* Resources */,
			);
			buildRules = (
			);
			dependencies = (
				EC84846E2A65038B006AEAF8 /* PBXTargetDependency */,
			);
			name = ProductCatalogueTests;
			productName = ProductCatalogueTests;
			productReference = EC84846C2A65038B006AEAF8 /* ProductCatalogueTests.xctest */;
			productType = "com.apple.product-type.bundle.unit-test";
		};
/* End PBXNativeTarget section */

/* Begin PBXProject section */
		EC84844E2A650389006AEAF8 /* Project object */ = {
			isa = PBXProject;
			attributes = {
				BuildIndependentTargetsInParallel = 1;
				LastSwiftUpdateCheck = 1430;
				LastUpgradeCheck = 1430;
				TargetAttributes = {
					EC8484552A650389006AEAF8 = {
						CreatedOnToolsVersion = 14.3.1;
					};
					EC84846B2A65038B006AEAF8 = {
						CreatedOnToolsVersion = 14.3.1;
						TestTargetID = EC8484552A650389006AEAF8;
					};
				};
			};
			buildConfigurationList = EC8484512A650389006AEAF8 /* Build configuration list for PBXProject "ProductCatalogue" */;
			compatibilityVersion = "Xcode 14.0";
			developmentRegion = en;
			hasScannedForEncodings = 0;
			knownRegions = (
				en,
				Base,
				id,
			);
			mainGroup = EC84844D2A650389006AEAF8;
			productRefGroup = EC8484572A650389006AEAF8 /* Products */;
			projectDirPath = "";
			projectRoot = "";
			targets = (
				EC8484552A650389006AEAF8 /* ProductCatalogue */,
				EC84846B2A65038B006AEAF8 /* ProductCatalogueTests */,
			);
		};
/* End PBXProject section */

/* Begin PBXResourcesBuildPhase section */
		EC8484542A650389006AEAF8 /* Resources */ = {
			isa = PBXResourcesBuildPhase;
			buildActionMask = 2147483647;
			files = (
				EC8484672A65038B006AEAF8 /* Preview Assets.xcassets in Resources */,
				EC1175282A65A28700452D2A /* Localizable.strings in Resources */,
				EC8484632A65038B006AEAF8 /* Assets.xcassets in Resources */,
			);
			runOnlyForDeploymentPostprocessing = 0;
		};
		EC84846A2A65038B006AEAF8 /* Resources */ = {
			isa = PBXResourcesBuildPhase;
			buildActionMask = 2147483647;
			files = (
			);
			runOnlyForDeploymentPostprocessing = 0;
		};
/* End PBXResourcesBuildPhase section */

/* Begin PBXSourcesBuildPhase section */
		EC8484522A650389006AEAF8 /* Sources */ = {
			isa = PBXSourcesBuildPhase;
			buildActionMask = 2147483647;
			files = (
				EC1175242A65A23400452D2A /* Bool+orFalse.swift in Sources */,
				EC84845A2A650389006AEAF8 /* ProductCatalogueApp.swift in Sources */,
				EC84845F2A650389006AEAF8 /* ProductCatalogue.xcdatamodeld in Sources */,
				EC8484612A650389006AEAF8 /* TabContainerView.swift in Sources */,
				EC11752D2A65A2B400452D2A /* LocalizableString.swift in Sources */,
				EC1175212A65A21D00452D2A /* Int+orZero.swift in Sources */,
				EC11751E2A65A1F800452D2A /* Double+orZero.swift in Sources */,
				EC84845C2A650389006AEAF8 /* Persistence.swift in Sources */,
				EC11751B2A65A19000452D2A /* String+orEmpty.swift in Sources */,
			);
			runOnlyForDeploymentPostprocessing = 0;
		};
		EC8484682A65038B006AEAF8 /* Sources */ = {
			isa = PBXSourcesBuildPhase;
			buildActionMask = 2147483647;
			files = (
				EC8484712A65038B006AEAF8 /* ProductCatalogueTests.swift in Sources */,
			);
			runOnlyForDeploymentPostprocessing = 0;
		};
/* End PBXSourcesBuildPhase section */

/* Begin PBXTargetDependency section */
		EC84846E2A65038B006AEAF8 /* PBXTargetDependency */ = {
			isa = PBXTargetDependency;
			target = EC8484552A650389006AEAF8 /* ProductCatalogue */;
			targetProxy = EC84846D2A65038B006AEAF8 /* PBXContainerItemProxy */;
		};
/* End PBXTargetDependency section */

/* Begin PBXVariantGroup section */
		EC11752A2A65A28700452D2A /* Localizable.strings */ = {
			isa = PBXVariantGroup;
			children = (
				EC1175292A65A28700452D2A /* en */,
				EC11752B2A65A29D00452D2A /* id */,
			);
			name = Localizable.strings;
			sourceTree = "<group>";
		};
/* End PBXVariantGroup section */

/* Begin XCBuildConfiguration section */
		EC84847E2A65038B006AEAF8 /* Debug */ = {
			isa = XCBuildConfiguration;
			buildSettings = {
				ALWAYS_SEARCH_USER_PATHS = NO;
				CLANG_ANALYZER_LOCALIZABILITY_NONLOCALIZED = YES;
				CLANG_ANALYZER_NONNULL = YES;
				CLANG_ANALYZER_NUMBER_OBJECT_CONVERSION = YES_AGGRESSIVE;
				CLANG_CXX_LANGUAGE_STANDARD = "gnu++20";
				CLANG_ENABLE_MODULES = YES;
				CLANG_ENABLE_OBJC_ARC = YES;
				CLANG_ENABLE_OBJC_WEAK = YES;
				CLANG_WARN_BLOCK_CAPTURE_AUTORELEASING = YES;
				CLANG_WARN_BOOL_CONVERSION = YES;
				CLANG_WARN_COMMA = YES;
				CLANG_WARN_CONSTANT_CONVERSION = YES;
				CLANG_WARN_DEPRECATED_OBJC_IMPLEMENTATIONS = YES;
				CLANG_WARN_DIRECT_OBJC_ISA_USAGE = YES_ERROR;
				CLANG_WARN_DOCUMENTATION_COMMENTS = YES;
				CLANG_WARN_EMPTY_BODY = YES;
				CLANG_WARN_ENUM_CONVERSION = YES;
				CLANG_WARN_INFINITE_RECURSION = YES;
				CLANG_WARN_INT_CONVERSION = YES;
				CLANG_WARN_NON_LITERAL_NULL_CONVERSION = YES;
				CLANG_WARN_OBJC_IMPLICIT_RETAIN_SELF = YES;
				CLANG_WARN_OBJC_LITERAL_CONVERSION = YES;
				CLANG_WARN_OBJC_ROOT_CLASS = YES_ERROR;
				CLANG_WARN_QUOTED_INCLUDE_IN_FRAMEWORK_HEADER = YES;
				CLANG_WARN_RANGE_LOOP_ANALYSIS = YES;
				CLANG_WARN_STRICT_PROTOTYPES = YES;
				CLANG_WARN_SUSPICIOUS_MOVE = YES;
				CLANG_WARN_UNGUARDED_AVAILABILITY = YES_AGGRESSIVE;
				CLANG_WARN_UNREACHABLE_CODE = YES;
				CLANG_WARN__DUPLICATE_METHOD_MATCH = YES;
				COPY_PHASE_STRIP = NO;
				DEBUG_INFORMATION_FORMAT = dwarf;
				ENABLE_STRICT_OBJC_MSGSEND = YES;
				ENABLE_TESTABILITY = YES;
				GCC_C_LANGUAGE_STANDARD = gnu11;
				GCC_DYNAMIC_NO_PIC = NO;
				GCC_NO_COMMON_BLOCKS = YES;
				GCC_OPTIMIZATION_LEVEL = 0;
				GCC_PREPROCESSOR_DEFINITIONS = (
					"DEBUG=1",
					"$(inherited)",
				);
				GCC_WARN_64_TO_32_BIT_CONVERSION = YES;
				GCC_WARN_ABOUT_RETURN_TYPE = YES_ERROR;
				GCC_WARN_UNDECLARED_SELECTOR = YES;
				GCC_WARN_UNINITIALIZED_AUTOS = YES_AGGRESSIVE;
				GCC_WARN_UNUSED_FUNCTION = YES;
				GCC_WARN_UNUSED_VARIABLE = YES;
				MTL_ENABLE_DEBUG_INFO = INCLUDE_SOURCE;
				MTL_FAST_MATH = YES;
				ONLY_ACTIVE_ARCH = YES;
				SWIFT_ACTIVE_COMPILATION_CONDITIONS = DEBUG;
				SWIFT_OPTIMIZATION_LEVEL = "-Onone";
			};
			name = Debug;
		};
		EC84847F2A65038B006AEAF8 /* Release */ = {
			isa = XCBuildConfiguration;
			buildSettings = {
				ALWAYS_SEARCH_USER_PATHS = NO;
				CLANG_ANALYZER_LOCALIZABILITY_NONLOCALIZED = YES;
				CLANG_ANALYZER_NONNULL = YES;
				CLANG_ANALYZER_NUMBER_OBJECT_CONVERSION = YES_AGGRESSIVE;
				CLANG_CXX_LANGUAGE_STANDARD = "gnu++20";
				CLANG_ENABLE_MODULES = YES;
				CLANG_ENABLE_OBJC_ARC = YES;
				CLANG_ENABLE_OBJC_WEAK = YES;
				CLANG_WARN_BLOCK_CAPTURE_AUTORELEASING = YES;
				CLANG_WARN_BOOL_CONVERSION = YES;
				CLANG_WARN_COMMA = YES;
				CLANG_WARN_CONSTANT_CONVERSION = YES;
				CLANG_WARN_DEPRECATED_OBJC_IMPLEMENTATIONS = YES;
				CLANG_WARN_DIRECT_OBJC_ISA_USAGE = YES_ERROR;
				CLANG_WARN_DOCUMENTATION_COMMENTS = YES;
				CLANG_WARN_EMPTY_BODY = YES;
				CLANG_WARN_ENUM_CONVERSION = YES;
				CLANG_WARN_INFINITE_RECURSION = YES;
				CLANG_WARN_INT_CONVERSION = YES;
				CLANG_WARN_NON_LITERAL_NULL_CONVERSION = YES;
				CLANG_WARN_OBJC_IMPLICIT_RETAIN_SELF = YES;
				CLANG_WARN_OBJC_LITERAL_CONVERSION = YES;
				CLANG_WARN_OBJC_ROOT_CLASS = YES_ERROR;
				CLANG_WARN_QUOTED_INCLUDE_IN_FRAMEWORK_HEADER = YES;
				CLANG_WARN_RANGE_LOOP_ANALYSIS = YES;
				CLANG_WARN_STRICT_PROTOTYPES = YES;
				CLANG_WARN_SUSPICIOUS_MOVE = YES;
				CLANG_WARN_UNGUARDED_AVAILABILITY = YES_AGGRESSIVE;
				CLANG_WARN_UNREACHABLE_CODE = YES;
				CLANG_WARN__DUPLICATE_METHOD_MATCH = YES;
				COPY_PHASE_STRIP = NO;
				DEBUG_INFORMATION_FORMAT = "dwarf-with-dsym";
				ENABLE_NS_ASSERTIONS = NO;
				ENABLE_STRICT_OBJC_MSGSEND = YES;
				GCC_C_LANGUAGE_STANDARD = gnu11;
				GCC_NO_COMMON_BLOCKS = YES;
				GCC_WARN_64_TO_32_BIT_CONVERSION = YES;
				GCC_WARN_ABOUT_RETURN_TYPE = YES_ERROR;
				GCC_WARN_UNDECLARED_SELECTOR = YES;
				GCC_WARN_UNINITIALIZED_AUTOS = YES_AGGRESSIVE;
				GCC_WARN_UNUSED_FUNCTION = YES;
				GCC_WARN_UNUSED_VARIABLE = YES;
				MTL_ENABLE_DEBUG_INFO = NO;
				MTL_FAST_MATH = YES;
				SWIFT_COMPILATION_MODE = wholemodule;
				SWIFT_OPTIMIZATION_LEVEL = "-O";
			};
			name = Release;
		};
		EC8484812A65038B006AEAF8 /* Debug */ = {
			isa = XCBuildConfiguration;
			buildSettings = {
				ASSETCATALOG_COMPILER_APPICON_NAME = AppIcon;
				ASSETCATALOG_COMPILER_GLOBAL_ACCENT_COLOR_NAME = AccentColor;
				CODE_SIGN_ENTITLEMENTS = ProductCatalogue/Common/Environment/ProductCatalogue.entitlements;
				CODE_SIGN_STYLE = Automatic;
				CURRENT_PROJECT_VERSION = 1;
				DEVELOPMENT_ASSET_PATHS = "\"ProductCatalogue/Preview Content\"";
				DEVELOPMENT_TEAM = 6M5M727687;
				ENABLE_HARDENED_RUNTIME = YES;
				ENABLE_PREVIEWS = YES;
				GENERATE_INFOPLIST_FILE = YES;
				"INFOPLIST_KEY_UIApplicationSceneManifest_Generation[sdk=iphoneos*]" = YES;
				"INFOPLIST_KEY_UIApplicationSceneManifest_Generation[sdk=iphonesimulator*]" = YES;
				"INFOPLIST_KEY_UIApplicationSupportsIndirectInputEvents[sdk=iphoneos*]" = YES;
				"INFOPLIST_KEY_UIApplicationSupportsIndirectInputEvents[sdk=iphonesimulator*]" = YES;
				"INFOPLIST_KEY_UILaunchScreen_Generation[sdk=iphoneos*]" = YES;
				"INFOPLIST_KEY_UILaunchScreen_Generation[sdk=iphonesimulator*]" = YES;
				"INFOPLIST_KEY_UIStatusBarStyle[sdk=iphoneos*]" = UIStatusBarStyleDefault;
				"INFOPLIST_KEY_UIStatusBarStyle[sdk=iphonesimulator*]" = UIStatusBarStyleDefault;
				INFOPLIST_KEY_UISupportedInterfaceOrientations_iPad = "UIInterfaceOrientationPortrait UIInterfaceOrientationPortraitUpsideDown UIInterfaceOrientationLandscapeLeft UIInterfaceOrientationLandscapeRight";
				INFOPLIST_KEY_UISupportedInterfaceOrientations_iPhone = "UIInterfaceOrientationPortrait UIInterfaceOrientationLandscapeLeft UIInterfaceOrientationLandscapeRight";
				IPHONEOS_DEPLOYMENT_TARGET = 16.4;
				LD_RUNPATH_SEARCH_PATHS = "@executable_path/Frameworks";
				"LD_RUNPATH_SEARCH_PATHS[sdk=macosx*]" = "@executable_path/../Frameworks";
				MACOSX_DEPLOYMENT_TARGET = 13.3;
				MARKETING_VERSION = 1.0;
				PRODUCT_BUNDLE_IDENTIFIER = com.example.ProductCatalogue;
				PRODUCT_NAME = "$(TARGET_NAME)";
				SDKROOT = auto;
				SUPPORTED_PLATFORMS = "iphoneos iphonesimulator macosx";
				SWIFT_EMIT_LOC_STRINGS = YES;
				SWIFT_VERSION = 5.0;
				TARGETED_DEVICE_FAMILY = "1,2";
			};
			name = Debug;
		};
		EC8484822A65038B006AEAF8 /* Release */ = {
			isa = XCBuildConfiguration;
			buildSettings = {
				ASSETCATALOG_COMPILER_APPICON_NAME = AppIcon;
				ASSETCATALOG_COMPILER_GLOBAL_ACCENT_COLOR_NAME = AccentColor;
				CODE_SIGN_ENTITLEMENTS = ProductCatalogue/Common/Environment/ProductCatalogue.entitlements;
				CODE_SIGN_STYLE = Automatic;
				CURRENT_PROJECT_VERSION = 1;
				DEVELOPMENT_ASSET_PATHS = "\"ProductCatalogue/Preview Content\"";
				DEVELOPMENT_TEAM = 6M5M727687;
				ENABLE_HARDENED_RUNTIME = YES;
				ENABLE_PREVIEWS = YES;
				GENERATE_INFOPLIST_FILE = YES;
				"INFOPLIST_KEY_UIApplicationSceneManifest_Generation[sdk=iphoneos*]" = YES;
				"INFOPLIST_KEY_UIApplicationSceneManifest_Generation[sdk=iphonesimulator*]" = YES;
				"INFOPLIST_KEY_UIApplicationSupportsIndirectInputEvents[sdk=iphoneos*]" = YES;
				"INFOPLIST_KEY_UIApplicationSupportsIndirectInputEvents[sdk=iphonesimulator*]" = YES;
				"INFOPLIST_KEY_UILaunchScreen_Generation[sdk=iphoneos*]" = YES;
				"INFOPLIST_KEY_UILaunchScreen_Generation[sdk=iphonesimulator*]" = YES;
				"INFOPLIST_KEY_UIStatusBarStyle[sdk=iphoneos*]" = UIStatusBarStyleDefault;
				"INFOPLIST_KEY_UIStatusBarStyle[sdk=iphonesimulator*]" = UIStatusBarStyleDefault;
				INFOPLIST_KEY_UISupportedInterfaceOrientations_iPad = "UIInterfaceOrientationPortrait UIInterfaceOrientationPortraitUpsideDown UIInterfaceOrientationLandscapeLeft UIInterfaceOrientationLandscapeRight";
				INFOPLIST_KEY_UISupportedInterfaceOrientations_iPhone = "UIInterfaceOrientationPortrait UIInterfaceOrientationLandscapeLeft UIInterfaceOrientationLandscapeRight";
				IPHONEOS_DEPLOYMENT_TARGET = 16.4;
				LD_RUNPATH_SEARCH_PATHS = "@executable_path/Frameworks";
				"LD_RUNPATH_SEARCH_PATHS[sdk=macosx*]" = "@executable_path/../Frameworks";
				MACOSX_DEPLOYMENT_TARGET = 13.3;
				MARKETING_VERSION = 1.0;
				PRODUCT_BUNDLE_IDENTIFIER = com.example.ProductCatalogue;
				PRODUCT_NAME = "$(TARGET_NAME)";
				SDKROOT = auto;
				SUPPORTED_PLATFORMS = "iphoneos iphonesimulator macosx";
				SWIFT_EMIT_LOC_STRINGS = YES;
				SWIFT_VERSION = 5.0;
				TARGETED_DEVICE_FAMILY = "1,2";
			};
			name = Release;
		};
		EC8484842A65038B006AEAF8 /* Debug */ = {
			isa = XCBuildConfiguration;
			buildSettings = {
				ALWAYS_EMBED_SWIFT_STANDARD_LIBRARIES = YES;
				BUNDLE_LOADER = "$(TEST_HOST)";
				CODE_SIGN_STYLE = Automatic;
				CURRENT_PROJECT_VERSION = 1;
				DEVELOPMENT_TEAM = 6M5M727687;
				GENERATE_INFOPLIST_FILE = YES;
				IPHONEOS_DEPLOYMENT_TARGET = 16.4;
				MACOSX_DEPLOYMENT_TARGET = 13.3;
				MARKETING_VERSION = 1.0;
				PRODUCT_BUNDLE_IDENTIFIER = com.example.ProductCatalogueTests;
				PRODUCT_NAME = "$(TARGET_NAME)";
				SDKROOT = auto;
				SUPPORTED_PLATFORMS = "iphoneos iphonesimulator macosx";
				SWIFT_EMIT_LOC_STRINGS = NO;
				SWIFT_VERSION = 5.0;
				TARGETED_DEVICE_FAMILY = "1,2";
				TEST_HOST = "$(BUILT_PRODUCTS_DIR)/ProductCatalogue.app/$(BUNDLE_EXECUTABLE_FOLDER_PATH)/ProductCatalogue";
			};
			name = Debug;
		};
		EC8484852A65038B006AEAF8 /* Release */ = {
			isa = XCBuildConfiguration;
			buildSettings = {
				ALWAYS_EMBED_SWIFT_STANDARD_LIBRARIES = YES;
				BUNDLE_LOADER = "$(TEST_HOST)";
				CODE_SIGN_STYLE = Automatic;
				CURRENT_PROJECT_VERSION = 1;
				DEVELOPMENT_TEAM = 6M5M727687;
				GENERATE_INFOPLIST_FILE = YES;
				IPHONEOS_DEPLOYMENT_TARGET = 16.4;
				MACOSX_DEPLOYMENT_TARGET = 13.3;
				MARKETING_VERSION = 1.0;
				PRODUCT_BUNDLE_IDENTIFIER = com.example.ProductCatalogueTests;
				PRODUCT_NAME = "$(TARGET_NAME)";
				SDKROOT = auto;
				SUPPORTED_PLATFORMS = "iphoneos iphonesimulator macosx";
				SWIFT_EMIT_LOC_STRINGS = NO;
				SWIFT_VERSION = 5.0;
				TARGETED_DEVICE_FAMILY = "1,2";
				TEST_HOST = "$(BUILT_PRODUCTS_DIR)/ProductCatalogue.app/$(BUNDLE_EXECUTABLE_FOLDER_PATH)/ProductCatalogue";
			};
			name = Release;
		};
/* End XCBuildConfiguration section */

/* Begin XCConfigurationList section */
		EC8484512A650389006AEAF8 /* Build configuration list for PBXProject "ProductCatalogue" */ = {
			isa = XCConfigurationList;
			buildConfigurations = (
				EC84847E2A65038B006AEAF8 /* Debug */,
				EC84847F2A65038B006AEAF8 /* Release */,
			);
			defaultConfigurationIsVisible = 0;
			defaultConfigurationName = Release;
		};
		EC8484802A65038B006AEAF8 /* Build configuration list for PBXNativeTarget "ProductCatalogue" */ = {
			isa = XCConfigurationList;
			buildConfigurations = (
				EC8484812A65038B006AEAF8 /* Debug */,
				EC8484822A65038B006AEAF8 /* Release */,
			);
			defaultConfigurationIsVisible = 0;
			defaultConfigurationName = Release;
		};
		EC8484832A65038B006AEAF8 /* Build configuration list for PBXNativeTarget "ProductCatalogueTests" */ = {
			isa = XCConfigurationList;
			buildConfigurations = (
				EC8484842A65038B006AEAF8 /* Debug */,
				EC8484852A65038B006AEAF8 /* Release */,
			);
			defaultConfigurationIsVisible = 0;
			defaultConfigurationName = Release;
		};
/* End XCConfigurationList section */

/* Begin XCVersionGroup section */
		EC84845D2A650389006AEAF8 /* ProductCatalogue.xcdatamodeld */ = {
			isa = XCVersionGroup;
			children = (
				EC84845E2A650389006AEAF8 /* ProductCatalogue.xcdatamodel */,
			);
			currentVersion = EC84845E2A650389006AEAF8 /* ProductCatalogue.xcdatamodel */;
			path = ProductCatalogue.xcdatamodeld;
			sourceTree = "<group>";
			versionGroupType = wrapper.xcdatamodel;
		};
/* End XCVersionGroup section */
	};
	rootObject = EC84844E2A650389006AEAF8 /* Project object */;
}
